// !$*UTF8*$!
{
	archiveVersion = 1;
	classes = {
	};
	objectVersion = 46;
	objects = {

/* Begin PBXBuildFile section */
		77C4FC501C33C038007E80C8 /* main.m in Sources */ = {isa = PBXBuildFile; fileRef = 77C4FC4F1C33C038007E80C8 /* main.m */; };
		77C4FC531C33C038007E80C8 /* AppDelegate.m in Sources */ = {isa = PBXBuildFile; fileRef = 77C4FC521C33C038007E80C8 /* AppDelegate.m */; };
		77C4FC561C33C038007E80C8 /* ViewController.m in Sources */ = {isa = PBXBuildFile; fileRef = 77C4FC551C33C038007E80C8 /* ViewController.m */; };
		77C4FC591C33C038007E80C8 /* Main.storyboard in Resources */ = {isa = PBXBuildFile; fileRef = 77C4FC571C33C038007E80C8 /* Main.storyboard */; };
		77C4FC5B1C33C038007E80C8 /* Assets.xcassets in Resources */ = {isa = PBXBuildFile; fileRef = 77C4FC5A1C33C038007E80C8 /* Assets.xcassets */; };
		77C4FC5E1C33C038007E80C8 /* LaunchScreen.storyboard in Resources */ = {isa = PBXBuildFile; fileRef = 77C4FC5C1C33C038007E80C8 /* LaunchScreen.storyboard */; };
		77C4FC691C33C038007E80C8 /* CircleMenuViewDemoTests.m in Sources */ = {isa = PBXBuildFile; fileRef = 77C4FC681C33C038007E80C8 /* CircleMenuViewDemoTests.m */; };
		77C4FC741C33C038007E80C8 /* CircleMenuViewDemoUITests.m in Sources */ = {isa = PBXBuildFile; fileRef = 77C4FC731C33C038007E80C8 /* CircleMenuViewDemoUITests.m */; };
		77E6B21A1D26629700BBE7EF /* HYCircleMenuItem.m in Sources */ = {isa = PBXBuildFile; fileRef = 77E6B2131D26629700BBE7EF /* HYCircleMenuItem.m */; };
		77E6B21B1D26629700BBE7EF /* HYCircleMenuItemButton.m in Sources */ = {isa = PBXBuildFile; fileRef = 77E6B2151D26629700BBE7EF /* HYCircleMenuItemButton.m */; };
		77E6B21C1D26629700BBE7EF /* HYCircleMenuMainButton.m in Sources */ = {isa = PBXBuildFile; fileRef = 77E6B2171D26629700BBE7EF /* HYCircleMenuMainButton.m */; };
		77E6B21D1D26629700BBE7EF /* HYCircleMenuView.m in Sources */ = {isa = PBXBuildFile; fileRef = 77E6B2191D26629700BBE7EF /* HYCircleMenuView.m */; };
/* End PBXBuildFile section */

/* Begin PBXContainerItemProxy section */
		77C4FC651C33C038007E80C8 /* PBXContainerItemProxy */ = {
			isa = PBXContainerItemProxy;
			containerPortal = 77C4FC431C33C038007E80C8 /* Project object */;
			proxyType = 1;
			remoteGlobalIDString = 77C4FC4A1C33C038007E80C8;
			remoteInfo = CircleMenuViewDemo;
		};
		77C4FC701C33C038007E80C8 /* PBXContainerItemProxy */ = {
			isa = PBXContainerItemProxy;
			containerPortal = 77C4FC431C33C038007E80C8 /* Project object */;
			proxyType = 1;
			remoteGlobalIDString = 77C4FC4A1C33C038007E80C8;
			remoteInfo = CircleMenuViewDemo;
		};
/* End PBXContainerItemProxy section */

/* Begin PBXFileReference section */
		77C4FC4B1C33C038007E80C8 /* CircleMenuViewDemo.app */ = {isa = PBXFileReference; explicitFileType = wrapper.application; includeInIndex = 0; path = CircleMenuViewDemo.app; sourceTree = BUILT_PRODUCTS_DIR; };
		77C4FC4F1C33C038007E80C8 /* main.m */ = {isa = PBXFileReference; lastKnownFileType = sourcecode.c.objc; path = main.m; sourceTree = "<group>"; };
		77C4FC511C33C038007E80C8 /* AppDelegate.h */ = {isa = PBXFileReference; lastKnownFileType = sourcecode.c.h; path = AppDelegate.h; sourceTree = "<group>"; };
		77C4FC521C33C038007E80C8 /* AppDelegate.m */ = {isa = PBXFileReference; lastKnownFileType = sourcecode.c.objc; path = AppDelegate.m; sourceTree = "<group>"; };
		77C4FC541C33C038007E80C8 /* ViewController.h */ = {isa = PBXFileReference; lastKnownFileType = sourcecode.c.h; path = ViewController.h; sourceTree = "<group>"; };
		77C4FC551C33C038007E80C8 /* ViewController.m */ = {isa = PBXFileReference; lastKnownFileType = sourcecode.c.objc; path = ViewController.m; sourceTree = "<group>"; };
		77C4FC581C33C038007E80C8 /* Base */ = {isa = PBXFileReference; lastKnownFileType = file.storyboard; name = Base; path = Base.lproj/Main.storyboard; sourceTree = "<group>"; };
		77C4FC5A1C33C038007E80C8 /* Assets.xcassets */ = {isa = PBXFileReference; lastKnownFileType = folder.assetcatalog; path = Assets.xcassets; sourceTree = "<group>"; };
		77C4FC5D1C33C038007E80C8 /* Base */ = {isa = PBXFileReference; lastKnownFileType = file.storyboard; name = Base; path = Base.lproj/LaunchScreen.storyboard; sourceTree = "<group>"; };
		77C4FC5F1C33C038007E80C8 /* Info.plist */ = {isa = PBXFileReference; lastKnownFileType = text.plist.xml; path = Info.plist; sourceTree = "<group>"; };
		77C4FC641C33C038007E80C8 /* CircleMenuViewDemoTests.xctest */ = {isa = PBXFileReference; explicitFileType = wrapper.cfbundle; includeInIndex = 0; path = CircleMenuViewDemoTests.xctest; sourceTree = BUILT_PRODUCTS_DIR; };
		77C4FC681C33C038007E80C8 /* CircleMenuViewDemoTests.m */ = {isa = PBXFileReference; lastKnownFileType = sourcecode.c.objc; path = CircleMenuViewDemoTests.m; sourceTree = "<group>"; };
		77C4FC6A1C33C038007E80C8 /* Info.plist */ = {isa = PBXFileReference; lastKnownFileType = text.plist.xml; path = Info.plist; sourceTree = "<group>"; };
		77C4FC6F1C33C038007E80C8 /* CircleMenuViewDemoUITests.xctest */ = {isa = PBXFileReference; explicitFileType = wrapper.cfbundle; includeInIndex = 0; path = CircleMenuViewDemoUITests.xctest; sourceTree = BUILT_PRODUCTS_DIR; };
		77C4FC731C33C038007E80C8 /* CircleMenuViewDemoUITests.m */ = {isa = PBXFileReference; lastKnownFileType = sourcecode.c.objc; path = CircleMenuViewDemoUITests.m; sourceTree = "<group>"; };
		77C4FC751C33C038007E80C8 /* Info.plist */ = {isa = PBXFileReference; lastKnownFileType = text.plist.xml; path = Info.plist; sourceTree = "<group>"; };
		77E6B2111D26629700BBE7EF /* HYCircleMenu.h */ = {isa = PBXFileReference; fileEncoding = 4; lastKnownFileType = sourcecode.c.h; path = HYCircleMenu.h; sourceTree = "<group>"; };
		77E6B2121D26629700BBE7EF /* HYCircleMenuItem.h */ = {isa = PBXFileReference; fileEncoding = 4; lastKnownFileType = sourcecode.c.h; path = HYCircleMenuItem.h; sourceTree = "<group>"; };
		77E6B2131D26629700BBE7EF /* HYCircleMenuItem.m */ = {isa = PBXFileReference; fileEncoding = 4; lastKnownFileType = sourcecode.c.objc; path = HYCircleMenuItem.m; sourceTree = "<group>"; };
		77E6B2141D26629700BBE7EF /* HYCircleMenuItemButton.h */ = {isa = PBXFileReference; fileEncoding = 4; lastKnownFileType = sourcecode.c.h; path = HYCircleMenuItemButton.h; sourceTree = "<group>"; };
		77E6B2151D26629700BBE7EF /* HYCircleMenuItemButton.m */ = {isa = PBXFileReference; fileEncoding = 4; lastKnownFileType = sourcecode.c.objc; path = HYCircleMenuItemButton.m; sourceTree = "<group>"; };
		77E6B2161D26629700BBE7EF /* HYCircleMenuMainButton.h */ = {isa = PBXFileReference; fileEncoding = 4; lastKnownFileType = sourcecode.c.h; path = HYCircleMenuMainButton.h; sourceTree = "<group>"; };
		77E6B2171D26629700BBE7EF /* HYCircleMenuMainButton.m */ = {isa = PBXFileReference; fileEncoding = 4; lastKnownFileType = sourcecode.c.objc; path = HYCircleMenuMainButton.m; sourceTree = "<group>"; };
		77E6B2181D26629700BBE7EF /* HYCircleMenuView.h */ = {isa = PBXFileReference; fileEncoding = 4; lastKnownFileType = sourcecode.c.h; path = HYCircleMenuView.h; sourceTree = "<group>"; };
		77E6B2191D26629700BBE7EF /* HYCircleMenuView.m */ = {isa = PBXFileReference; fileEncoding = 4; lastKnownFileType = sourcecode.c.objc; path = HYCircleMenuView.m; sourceTree = "<group>"; };
/* End PBXFileReference section */

/* Begin PBXFrameworksBuildPhase section */
		77C4FC481C33C038007E80C8 /* Frameworks */ = {
			isa = PBXFrameworksBuildPhase;
			buildActionMask = 2147483647;
			files = (
			);
			runOnlyForDeploymentPostprocessing = 0;
		};
		77C4FC611C33C038007E80C8 /* Frameworks */ = {
			isa = PBXFrameworksBuildPhase;
			buildActionMask = 2147483647;
			files = (
			);
			runOnlyForDeploymentPostprocessing = 0;
		};
		77C4FC6C1C33C038007E80C8 /* Frameworks */ = {
			isa = PBXFrameworksBuildPhase;
			buildActionMask = 2147483647;
			files = (
			);
			runOnlyForDeploymentPostprocessing = 0;
		};
/* End PBXFrameworksBuildPhase section */

/* Begin PBXGroup section */
		77C4FC421C33C038007E80C8 = {
			isa = PBXGroup;
			children = (
				77C4FC4D1C33C038007E80C8 /* CircleMenuViewDemo */,
				77C4FC671C33C038007E80C8 /* CircleMenuViewDemoTests */,
				77C4FC721C33C038007E80C8 /* CircleMenuViewDemoUITests */,
				77C4FC4C1C33C038007E80C8 /* Products */,
			);
			sourceTree = "<group>";
		};
		77C4FC4C1C33C038007E80C8 /* Products */ = {
			isa = PBXGroup;
			children = (
				77C4FC4B1C33C038007E80C8 /* CircleMenuViewDemo.app */,
				77C4FC641C33C038007E80C8 /* CircleMenuViewDemoTests.xctest */,
				77C4FC6F1C33C038007E80C8 /* CircleMenuViewDemoUITests.xctest */,
			);
			name = Products;
			sourceTree = "<group>";
		};
		77C4FC4D1C33C038007E80C8 /* CircleMenuViewDemo */ = {
			isa = PBXGroup;
			children = (
				77E6B2101D26629700BBE7EF /* HYCircleMenuView */,
				77C4FC511C33C038007E80C8 /* AppDelegate.h */,
				77C4FC521C33C038007E80C8 /* AppDelegate.m */,
				77C4FC541C33C038007E80C8 /* ViewController.h */,
				77C4FC551C33C038007E80C8 /* ViewController.m */,
				77C4FC571C33C038007E80C8 /* Main.storyboard */,
				77C4FC5A1C33C038007E80C8 /* Assets.xcassets */,
				77C4FC5C1C33C038007E80C8 /* LaunchScreen.storyboard */,
				77C4FC5F1C33C038007E80C8 /* Info.plist */,
				77C4FC4E1C33C038007E80C8 /* Supporting Files */,
			);
			path = CircleMenuViewDemo;
			sourceTree = "<group>";
		};
		77C4FC4E1C33C038007E80C8 /* Supporting Files */ = {
			isa = PBXGroup;
			children = (
				77C4FC4F1C33C038007E80C8 /* main.m */,
			);
			name = "Supporting Files";
			sourceTree = "<group>";
		};
		77C4FC671C33C038007E80C8 /* CircleMenuViewDemoTests */ = {
			isa = PBXGroup;
			children = (
				77C4FC681C33C038007E80C8 /* CircleMenuViewDemoTests.m */,
				77C4FC6A1C33C038007E80C8 /* Info.plist */,
			);
			path = CircleMenuViewDemoTests;
			sourceTree = "<group>";
		};
		77C4FC721C33C038007E80C8 /* CircleMenuViewDemoUITests */ = {
			isa = PBXGroup;
			children = (
				77C4FC731C33C038007E80C8 /* CircleMenuViewDemoUITests.m */,
				77C4FC751C33C038007E80C8 /* Info.plist */,
			);
			path = CircleMenuViewDemoUITests;
			sourceTree = "<group>";
		};
		77E6B2101D26629700BBE7EF /* HYCircleMenuView */ = {
			isa = PBXGroup;
			children = (
				77E6B2111D26629700BBE7EF /* HYCircleMenu.h */,
				77E6B2121D26629700BBE7EF /* HYCircleMenuItem.h */,
				77E6B2131D26629700BBE7EF /* HYCircleMenuItem.m */,
				77E6B2141D26629700BBE7EF /* HYCircleMenuItemButton.h */,
				77E6B2151D26629700BBE7EF /* HYCircleMenuItemButton.m */,
				77E6B2161D26629700BBE7EF /* HYCircleMenuMainButton.h */,
				77E6B2171D26629700BBE7EF /* HYCircleMenuMainButton.m */,
				77E6B2181D26629700BBE7EF /* HYCircleMenuView.h */,
				77E6B2191D26629700BBE7EF /* HYCircleMenuView.m */,
			);
			path = HYCircleMenuView;
			sourceTree = SOURCE_ROOT;
		};
/* End PBXGroup section */

/* Begin PBXNativeTarget section */
		77C4FC4A1C33C038007E80C8 /* CircleMenuViewDemo */ = {
			isa = PBXNativeTarget;
			buildConfigurationList = 77C4FC781C33C038007E80C8 /* Build configuration list for PBXNativeTarget "CircleMenuViewDemo" */;
			buildPhases = (
				77C4FC471C33C038007E80C8 /* Sources */,
				77C4FC481C33C038007E80C8 /* Frameworks */,
				77C4FC491C33C038007E80C8 /* Resources */,
			);
			buildRules = (
			);
			dependencies = (
			);
			name = CircleMenuViewDemo;
			productName = CircleMenuViewDemo;
			productReference = 77C4FC4B1C33C038007E80C8 /* CircleMenuViewDemo.app */;
			productType = "com.apple.product-type.application";
		};
		77C4FC631C33C038007E80C8 /* CircleMenuViewDemoTests */ = {
			isa = PBXNativeTarget;
			buildConfigurationList = 77C4FC7B1C33C038007E80C8 /* Build configuration list for PBXNativeTarget "CircleMenuViewDemoTests" */;
			buildPhases = (
				77C4FC601C33C038007E80C8 /* Sources */,
				77C4FC611C33C038007E80C8 /* Frameworks */,
				77C4FC621C33C038007E80C8 /* Resources */,
			);
			buildRules = (
			);
			dependencies = (
				77C4FC661C33C038007E80C8 /* PBXTargetDependency */,
			);
			name = CircleMenuViewDemoTests;
			productName = CircleMenuViewDemoTests;
			productReference = 77C4FC641C33C038007E80C8 /* CircleMenuViewDemoTests.xctest */;
			productType = "com.apple.product-type.bundle.unit-test";
		};
		77C4FC6E1C33C038007E80C8 /* CircleMenuViewDemoUITests */ = {
			isa = PBXNativeTarget;
			buildConfigurationList = 77C4FC7E1C33C038007E80C8 /* Build configuration list for PBXNativeTarget "CircleMenuViewDemoUITests" */;
			buildPhases = (
				77C4FC6B1C33C038007E80C8 /* Sources */,
				77C4FC6C1C33C038007E80C8 /* Frameworks */,
				77C4FC6D1C33C038007E80C8 /* Resources */,
			);
			buildRules = (
			);
			dependencies = (
				77C4FC711C33C038007E80C8 /* PBXTargetDependency */,
			);
			name = CircleMenuViewDemoUITests;
			productName = CircleMenuViewDemoUITests;
			productReference = 77C4FC6F1C33C038007E80C8 /* CircleMenuViewDemoUITests.xctest */;
			productType = "com.apple.product-type.bundle.ui-testing";
		};
/* End PBXNativeTarget section */

/* Begin PBXProject section */
		77C4FC431C33C038007E80C8 /* Project object */ = {
			isa = PBXProject;
			attributes = {
				LastUpgradeCheck = 0720;
				ORGANIZATIONNAME = yshbyy;
				TargetAttributes = {
					77C4FC4A1C33C038007E80C8 = {
						CreatedOnToolsVersion = 7.2;
					};
					77C4FC631C33C038007E80C8 = {
						CreatedOnToolsVersion = 7.2;
						TestTargetID = 77C4FC4A1C33C038007E80C8;
					};
					77C4FC6E1C33C038007E80C8 = {
						CreatedOnToolsVersion = 7.2;
						TestTargetID = 77C4FC4A1C33C038007E80C8;
					};
				};
			};
			buildConfigurationList = 77C4FC461C33C038007E80C8 /* Build configuration list for PBXProject "CircleMenuViewDemo" */;
			compatibilityVersion = "Xcode 3.2";
			developmentRegion = English;
			hasScannedForEncodings = 0;
			knownRegions = (
				en,
				Base,
			);
			mainGroup = 77C4FC421C33C038007E80C8;
			productRefGroup = 77C4FC4C1C33C038007E80C8 /* Products */;
			projectDirPath = "";
			projectRoot = "";
			targets = (
				77C4FC4A1C33C038007E80C8 /* CircleMenuViewDemo */,
				77C4FC631C33C038007E80C8 /* CircleMenuViewDemoTests */,
				77C4FC6E1C33C038007E80C8 /* CircleMenuViewDemoUITests */,
			);
		};
/* End PBXProject section */

/* Begin PBXResourcesBuildPhase section */
		77C4FC491C33C038007E80C8 /* Resources */ = {
			isa = PBXResourcesBuildPhase;
			buildActionMask = 2147483647;
			files = (
				77C4FC5E1C33C038007E80C8 /* LaunchScreen.storyboard in Resources */,
				77C4FC5B1C33C038007E80C8 /* Assets.xcassets in Resources */,
				77C4FC591C33C038007E80C8 /* Main.storyboard in Resources */,
			);
			runOnlyForDeploymentPostprocessing = 0;
		};
		77C4FC621C33C038007E80C8 /* Resources */ = {
			isa = PBXResourcesBuildPhase;
			buildActionMask = 2147483647;
			files = (
			);
			runOnlyForDeploymentPostprocessing = 0;
		};
		77C4FC6D1C33C038007E80C8 /* Resources */ = {
			isa = PBXResourcesBuildPhase;
			buildActionMask = 2147483647;
			files = (
			);
			runOnlyForDeploymentPostprocessing = 0;
		};
/* End PBXResourcesBuildPhase section */

/* Begin PBXSourcesBuildPhase section */
		77C4FC471C33C038007E80C8 /* Sources */ = {
			isa = PBXSourcesBuildPhase;
			buildActionMask = 2147483647;
			files = (
				77E6B21D1D26629700BBE7EF /* HYCircleMenuView.m in Sources */,
				77C4FC561C33C038007E80C8 /* ViewController.m in Sources */,
				77E6B21C1D26629700BBE7EF /* HYCircleMenuMainButton.m in Sources */,
				77E6B21B1D26629700BBE7EF /* HYCircleMenuItemButton.m in Sources */,
				77E6B21A1D26629700BBE7EF /* HYCircleMenuItem.m in Sources */,
				77C4FC531C33C038007E80C8 /* AppDelegate.m in Sources */,
				77C4FC501C33C038007E80C8 /* main.m in Sources */,
			);
			runOnlyForDeploymentPostprocessing = 0;
		};
		77C4FC601C33C038007E80C8 /* Sources */ = {
			isa = PBXSourcesBuildPhase;
			buildActionMask = 2147483647;
			files = (
				77C4FC691C33C038007E80C8 /* CircleMenuViewDemoTests.m in Sources */,
			);
			runOnlyForDeploymentPostprocessing = 0;
		};
		77C4FC6B1C33C038007E80C8 /* Sources */ = {
			isa = PBXSourcesBuildPhase;
			buildActionMask = 2147483647;
			files = (
				77C4FC741C33C038007E80C8 /* CircleMenuViewDemoUITests.m in Sources */,
			);
			runOnlyForDeploymentPostprocessing = 0;
		};
/* End PBXSourcesBuildPhase section */

/* Begin PBXTargetDependency section */
		77C4FC661C33C038007E80C8 /* PBXTargetDependency */ = {
			isa = PBXTargetDependency;
			target = 77C4FC4A1C33C038007E80C8 /* CircleMenuViewDemo */;
			targetProxy = 77C4FC651C33C038007E80C8 /* PBXContainerItemProxy */;
		};
		77C4FC711C33C038007E80C8 /* PBXTargetDependency */ = {
			isa = PBXTargetDependency;
			target = 77C4FC4A1C33C038007E80C8 /* CircleMenuViewDemo */;
			targetProxy = 77C4FC701C33C038007E80C8 /* PBXContainerItemProxy */;
		};
/* End PBXTargetDependency section */

/* Begin PBXVariantGroup section */
		77C4FC571C33C038007E80C8 /* Main.storyboard */ = {
			isa = PBXVariantGroup;
			children = (
				77C4FC581C33C038007E80C8 /* Base */,
			);
			name = Main.storyboard;
			sourceTree = "<group>";
		};
		77C4FC5C1C33C038007E80C8 /* LaunchScreen.storyboard */ = {
			isa = PBXVariantGroup;
			children = (
				77C4FC5D1C33C038007E80C8 /* Base */,
			);
			name = LaunchScreen.storyboard;
			sourceTree = "<group>";
		};
/* End PBXVariantGroup section */

/* Begin XCBuildConfiguration section */
		77C4FC761C33C038007E80C8 /* Debug */ = {
			isa = XCBuildConfiguration;
			buildSettings = {
				ALWAYS_SEARCH_USER_PATHS = NO;
				CLANG_CXX_LANGUAGE_STANDARD = "gnu++0x";
				CLANG_CXX_LIBRARY = "libc++";
				CLANG_ENABLE_MODULES = YES;
				CLANG_ENABLE_OBJC_ARC = YES;
				CLANG_WARN_BOOL_CONVERSION = YES;
				CLANG_WARN_CONSTANT_CONVERSION = YES;
				CLANG_WARN_DIRECT_OBJC_ISA_USAGE = YES_ERROR;
				CLANG_WARN_EMPTY_BODY = YES;
				CLANG_WARN_ENUM_CONVERSION = YES;
				CLANG_WARN_INT_CONVERSION = YES;
				CLANG_WARN_OBJC_ROOT_CLASS = YES_ERROR;
				CLANG_WARN_UNREACHABLE_CODE = YES;
				CLANG_WARN__DUPLICATE_METHOD_MATCH = YES;
				"CODE_SIGN_IDENTITY[sdk=iphoneos*]" = "iPhone Developer";
				COPY_PHASE_STRIP = NO;
				DEBUG_INFORMATION_FORMAT = dwarf;
				ENABLE_STRICT_OBJC_MSGSEND = YES;
				ENABLE_TESTABILITY = YES;
				GCC_C_LANGUAGE_STANDARD = gnu99;
				GCC_DYNAMIC_NO_PIC = NO;
				GCC_NO_COMMON_BLOCKS = YES;
				GCC_OPTIMIZATION_LEVEL = 0;
				GCC_PREPROCESSOR_DEFINITIONS = (
					"DEBUG=1",
					"$(inherited)",
				);
				GCC_WARN_64_TO_32_BIT_CONVERSION = YES;
				GCC_WARN_ABOUT_RETURN_TYPE = YES_ERROR;
				GCC_WARN_UNDECLARED_SELECTOR = YES;
				GCC_WARN_UNINITIALIZED_AUTOS = YES_AGGRESSIVE;
				GCC_WARN_UNUSED_FUNCTION = YES;
				GCC_WARN_UNUSED_VARIABLE = YES;
				IPHONEOS_DEPLOYMENT_TARGET = 9.2;
				MTL_ENABLE_DEBUG_INFO = YES;
				ONLY_ACTIVE_ARCH = YES;
				SDKROOT = iphoneos;
				TARGETED_DEVICE_FAMILY = "1,2";
			};
			name = Debug;
		};
		77C4FC771C33C038007E80C8 /* Release */ = {
			isa = XCBuildConfiguration;
			buildSettings = {
				ALWAYS_SEARCH_USER_PATHS = NO;
				CLANG_CXX_LANGUAGE_STANDARD = "gnu++0x";
				CLANG_CXX_LIBRARY = "libc++";
				CLANG_ENABLE_MODULES = YES;
				CLANG_ENABLE_OBJC_ARC = YES;
				CLANG_WARN_BOOL_CONVERSION = YES;
				CLANG_WARN_CONSTANT_CONVERSION = YES;
				CLANG_WARN_DIRECT_OBJC_ISA_USAGE = YES_ERROR;
				CLANG_WARN_EMPTY_BODY = YES;
				CLANG_WARN_ENUM_CONVERSION = YES;
				CLANG_WARN_INT_CONVERSION = YES;
				CLANG_WARN_OBJC_ROOT_CLASS = YES_ERROR;
				CLANG_WARN_UNREACHABLE_CODE = YES;
				CLANG_WARN__DUPLICATE_METHOD_MATCH = YES;
				"CODE_SIGN_IDENTITY[sdk=iphoneos*]" = "iPhone Developer";
				COPY_PHASE_STRIP = NO;
				DEBUG_INFORMATION_FORMAT = "dwarf-with-dsym";
				ENABLE_NS_ASSERTIONS = NO;
				ENABLE_STRICT_OBJC_MSGSEND = YES;
				GCC_C_LANGUAGE_STANDARD = gnu99;
				GCC_NO_COMMON_BLOCKS = YES;
				GCC_WARN_64_TO_32_BIT_CONVERSION = YES;
				GCC_WARN_ABOUT_RETURN_TYPE = YES_ERROR;
				GCC_WARN_UNDECLARED_SELECTOR = YES;
				GCC_WARN_UNINITIALIZED_AUTOS = YES_AGGRESSIVE;
				GCC_WARN_UNUSED_FUNCTION = YES;
				GCC_WARN_UNUSED_VARIABLE = YES;
				IPHONEOS_DEPLOYMENT_TARGET = 9.2;
				MTL_ENABLE_DEBUG_INFO = NO;
				SDKROOT = iphoneos;
				TARGETED_DEVICE_FAMILY = "1,2";
				VALIDATE_PRODUCT = YES;
			};
			name = Release;
		};
		77C4FC791C33C038007E80C8 /* Debug */ = {
			isa = XCBuildConfiguration;
			buildSettings = {
				ASSETCATALOG_COMPILER_APPICON_NAME = AppIcon;
				INFOPLIST_FILE = CircleMenuViewDemo/Info.plist;
				IPHONEOS_DEPLOYMENT_TARGET = 7.0;
				LD_RUNPATH_SEARCH_PATHS = "$(inherited) @executable_path/Frameworks";
				PRODUCT_BUNDLE_IDENTIFIER = yshbyy.CircleMenuViewDemo;
				PRODUCT_NAME = "$(TARGET_NAME)";
			};
			name = Debug;
		};
		77C4FC7A1C33C038007E80C8 /* Release */ = {
			isa = XCBuildConfiguration;
			buildSettings = {
				ASSETCATALOG_COMPILER_APPICON_NAME = AppIcon;
				INFOPLIST_FILE = CircleMenuViewDemo/Info.plist;
				IPHONEOS_DEPLOYMENT_TARGET = 7.0;
				LD_RUNPATH_SEARCH_PATHS = "$(inherited) @executable_path/Frameworks";
				PRODUCT_BUNDLE_IDENTIFIER = yshbyy.CircleMenuViewDemo;
				PRODUCT_NAME = "$(TARGET_NAME)";
			};
			name = Release;
		};
		77C4FC7C1C33C038007E80C8 /* Debug */ = {
			isa = XCBuildConfiguration;
			buildSettings = {
				BUNDLE_LOADER = "$(TEST_HOST)";
				INFOPLIST_FILE = CircleMenuViewDemoTests/Info.plist;
				LD_RUNPATH_SEARCH_PATHS = "$(inherited) @executable_path/Frameworks @loader_path/Frameworks";
				PRODUCT_BUNDLE_IDENTIFIER = yshbyy.CircleMenuViewDemoTests;
				PRODUCT_NAME = "$(TARGET_NAME)";
				TEST_HOST = "$(BUILT_PRODUCTS_DIR)/CircleMenuViewDemo.app/CircleMenuViewDemo";
			};
			name = Debug;
		};
		77C4FC7D1C33C038007E80C8 /* Release */ = {
			isa = XCBuildConfiguration;
			buildSettings = {
				BUNDLE_LOADER = "$(TEST_HOST)";
				INFOPLIST_FILE = CircleMenuViewDemoTests/Info.plist;
				LD_RUNPATH_SEARCH_PATHS = "$(inherited) @executable_path/Frameworks @loader_path/Frameworks";
				PRODUCT_BUNDLE_IDENTIFIER = yshbyy.CircleMenuViewDemoTests;
				PRODUCT_NAME = "$(TARGET_NAME)";
				TEST_HOST = "$(BUILT_PRODUCTS_DIR)/CircleMenuViewDemo.app/CircleMenuViewDemo";
			};
			name = Release;
		};
		77C4FC7F1C33C038007E80C8 /* Debug */ = {
			isa = XCBuildConfiguration;
			buildSettings = {
				INFOPLIST_FILE = CircleMenuViewDemoUITests/Info.plist;
				LD_RUNPATH_SEARCH_PATHS = "$(inherited) @executable_path/Frameworks @loader_path/Frameworks";
				PRODUCT_BUNDLE_IDENTIFIER = yshbyy.CircleMenuViewDemoUITests;
				PRODUCT_NAME = "$(TARGET_NAME)";
				TEST_TARGET_NAME = CircleMenuViewDemo;
				USES_XCTRUNNER = YES;
			};
			name = Debug;
		};
		77C4FC801C33C038007E80C8 /* Release */ = {
			isa = XCBuildConfiguration;
			buildSettings = {
				INFOPLIST_FILE = CircleMenuViewDemoUITests/Info.plist;
				LD_RUNPATH_SEARCH_PATHS = "$(inherited) @executable_path/Frameworks @loader_path/Frameworks";
				PRODUCT_BUNDLE_IDENTIFIER = yshbyy.CircleMenuViewDemoUITests;
				PRODUCT_NAME = "$(TARGET_NAME)";
				TEST_TARGET_NAME = CircleMenuViewDemo;
				USES_XCTRUNNER = YES;
			};
			name = Release;
		};
/* End XCBuildConfiguration section */

/* Begin XCConfigurationList section */
		77C4FC461C33C038007E80C8 /* Build configuration list for PBXProject "CircleMenuViewDemo" */ = {
			isa = XCConfigurationList;
			buildConfigurations = (
				77C4FC761C33C038007E80C8 /* Debug */,
				77C4FC771C33C038007E80C8 /* Release */,
			);
			defaultConfigurationIsVisible = 0;
			defaultConfigurationName = Release;
		};
		77C4FC781C33C038007E80C8 /* Build configuration list for PBXNativeTarget "CircleMenuViewDemo" */ = {
			isa = XCConfigurationList;
			buildConfigurations = (
				77C4FC791C33C038007E80C8 /* Debug */,
				77C4FC7A1C33C038007E80C8 /* Release */,
			);
			defaultConfigurationIsVisible = 0;
			defaultConfigurationName = Release;
		};
		77C4FC7B1C33C038007E80C8 /* Build configuration list for PBXNativeTarget "CircleMenuViewDemoTests" */ = {
			isa = XCConfigurationList;
			buildConfigurations = (
				77C4FC7C1C33C038007E80C8 /* Debug */,
				77C4FC7D1C33C038007E80C8 /* Release */,
			);
			defaultConfigurationIsVisible = 0;
			defaultConfigurationName = Release;
		};
		77C4FC7E1C33C038007E80C8 /* Build configuration list for PBXNativeTarget "CircleMenuViewDemoUITests" */ = {
			isa = XCConfigurationList;
			buildConfigurations = (
				77C4FC7F1C33C038007E80C8 /* Debug */,
				77C4FC801C33C038007E80C8 /* Release */,
			);
			defaultConfigurationIsVisible = 0;
			defaultConfigurationName = Release;
		};
/* End XCConfigurationList section */
	};
	rootObject = 77C4FC431C33C038007E80C8 /* Project object */;
}
